
Microsoft Visual Studio Solution File, Format Version 12.00
# Visual Studio 2013
VisualStudioVersion = 12.0.40629.0
MinimumVisualStudioVersion = 10.0.40219.1
Project("{E24C65DC-7377-472B-9ABA-BC803B73C61A}") = "eRestaurantWebSite(1)", "http://localhost:53008", "{F2AB1247-43E1-4ACE-914D-37B845CBE472}"
	ProjectSection(WebsiteProperties) = preProject
		UseIISExpress = "true"
		TargetFrameworkMoniker = ".NETFramework,Version%3Dv4.5"
		ProjectReferences = "{d7eda64e-5c89-4092-9745-0244fa21a7da}|eRestaruantSystem.dll;"
		Debug.AspNetCompiler.VirtualPath = "/localhost_53008"
		Debug.AspNetCompiler.PhysicalPath = "..\eRestaurantWebSite\"
		Debug.AspNetCompiler.TargetPath = "PrecompiledWeb\localhost_53008\"
		Debug.AspNetCompiler.Updateable = "true"
		Debug.AspNetCompiler.ForceOverwrite = "true"
		Debug.AspNetCompiler.FixedNames = "false"
		Debug.AspNetCompiler.Debug = "True"
		Release.AspNetCompiler.VirtualPath = "/localhost_53008"
		Release.AspNetCompiler.PhysicalPath = "..\eRestaurantWebSite\"
		Release.AspNetCompiler.TargetPath = "PrecompiledWeb\localhost_53008\"
		Release.AspNetCompiler.Updateable = "true"
		Release.AspNetCompiler.ForceOverwrite = "true"
		Release.AspNetCompiler.FixedNames = "false"
		Release.AspNetCompiler.Debug = "False"
		SlnRelativePath = "..\eRestaurantWebSite\"
		DefaultWebSiteLanguage = "Visual C#"
	EndProjectSection
EndProject
Project("{FAE04EC0-301F-11D3-BF4B-00C04F79EFBC}") = "eRestaurantSystem", "eRestaruantSystem\eRestaurantSystem.csproj", "{D7EDA64E-5C89-4092-9745-0244FA21A7DA}"
EndProject
Global
	GlobalSection(SolutionConfigurationPlatforms) = preSolution
		Debug|Any CPU = Debug|Any CPU
		Release|Any CPU = Release|Any CPU
	EndGlobalSection
	GlobalSection(ProjectConfigurationPlatforms) = postSolution
		{F2AB1247-43E1-4ACE-914D-37B845CBE472}.Debug|Any CPU.ActiveCfg = Debug|Any CPU
		{F2AB1247-43E1-4ACE-914D-37B845CBE472}.Debug|Any CPU.Build.0 = Debug|Any CPU
		{F2AB1247-43E1-4ACE-914D-37B845CBE472}.Release|Any CPU.ActiveCfg = Debug|Any CPU
		{F2AB1247-43E1-4ACE-914D-37B845CBE472}.Release|Any CPU.Build.0 = Debug|Any CPU
		{D7EDA64E-5C89-4092-9745-0244FA21A7DA}.Debug|Any CPU.ActiveCfg = Debug|Any CPU
		{D7EDA64E-5C89-4092-9745-0244FA21A7DA}.Debug|Any CPU.Build.0 = Debug|Any CPU
		{D7EDA64E-5C89-4092-9745-0244FA21A7DA}.Release|Any CPU.ActiveCfg = Release|Any CPU
		{D7EDA64E-5C89-4092-9745-0244FA21A7DA}.Release|Any CPU.Build.0 = Release|Any CPU
	EndGlobalSection
	GlobalSection(SolutionProperties) = preSolution
		HideSolutionNode = FALSE
	EndGlobalSection
EndGlobal
